# Lockfile v2
# This file is automatically generated by Wapm.
# It is not intended for manual editing. The schema of this file may change.
[modules."_/nginx"."0.1.1".nginx]
name = "nginx"
package_version = "0.1.1"
package_name = "_/nginx"
source = "registry+nginx"
resolved = "https://registry-cdn.wapm.io/packages/_/nginx/nginx-0.1.1.tar.gz"
abi = "emscripten"
entry = "wapm_packages/_/nginx@0.1.1/nginx.wasm"
[commands.nginx]
name = "nginx"
package_name = "_/nginx"
package_version = "0.1.1"
module = "nginx"
is_top_level_dependency = true
